
Microsoft Visual Studio Solution File, Format Version 12.00
# Visual Studio Version 16
VisualStudioVersion = 16.0.29306.81
MinimumVisualStudioVersion = 15.0.26124.0
Project("{9A19103F-16F7-4668-BE54-9A1E7A4F7556}") = "SmartId", "SmartId\SmartId.csproj", "{B16F9D24-8E1A-4EBF-A1D9-31572ECFA012}"
	ProjectSection(ProjectDependencies) = postProject
		{B9965B07-326B-4CC4-8512-0BEC6F05DA17} = {B9965B07-326B-4CC4-8512-0BEC6F05DA17}
		{41248C84-0169-4150-BD3F-BC97FA5E8A00} = {41248C84-0169-4150-BD3F-BC97FA5E8A00}
	EndProjectSection
EndProject
Project("{9092AA53-FB77-4645-B42D-1CCCA6BD08BD}") = "SmartId.DevToolset", "SmartId.DevToolset\SmartId.DevToolset.njsproj", "{072CCCEA-286D-4157-B508-06B75D65C6BF}"
EndProject
Project("{FAE04EC0-301F-11D3-BF4B-00C04F79EFBC}") = "Shared.DigitalSignature", "Shared.DigitalSignature\Shared.DigitalSignature.csproj", "{41248C84-0169-4150-BD3F-BC97FA5E8A00}"
	ProjectSection(ProjectDependencies) = postProject
		{B9965B07-326B-4CC4-8512-0BEC6F05DA17} = {B9965B07-326B-4CC4-8512-0BEC6F05DA17}
	EndProjectSection
EndProject
Project("{FAE04EC0-301F-11D3-BF4B-00C04F79EFBC}") = "Shared.WebExtensions", "Shared.WebExtensions\Shared.WebExtensions.csproj", "{B9965B07-326B-4CC4-8512-0BEC6F05DA17}"
EndProject
Global
	GlobalSection(SolutionConfigurationPlatforms) = preSolution
		Debug|Any CPU = Debug|Any CPU
		Debug|x64 = Debug|x64
		Debug|x86 = Debug|x86
		Release|Any CPU = Release|Any CPU
		Release|x64 = Release|x64
		Release|x86 = Release|x86
	EndGlobalSection
	GlobalSection(ProjectConfigurationPlatforms) = postSolution
		{B16F9D24-8E1A-4EBF-A1D9-31572ECFA012}.Debug|Any CPU.ActiveCfg = Debug|Any CPU
		{B16F9D24-8E1A-4EBF-A1D9-31572ECFA012}.Debug|Any CPU.Build.0 = Debug|Any CPU
		{B16F9D24-8E1A-4EBF-A1D9-31572ECFA012}.Debug|x64.ActiveCfg = Debug|Any CPU
		{B16F9D24-8E1A-4EBF-A1D9-31572ECFA012}.Debug|x64.Build.0 = Debug|Any CPU
		{B16F9D24-8E1A-4EBF-A1D9-31572ECFA012}.Debug|x86.ActiveCfg = Debug|Any CPU
		{B16F9D24-8E1A-4EBF-A1D9-31572ECFA012}.Debug|x86.Build.0 = Debug|Any CPU
		{B16F9D24-8E1A-4EBF-A1D9-31572ECFA012}.Release|Any CPU.ActiveCfg = Release|Any CPU
		{B16F9D24-8E1A-4EBF-A1D9-31572ECFA012}.Release|Any CPU.Build.0 = Release|Any CPU
		{B16F9D24-8E1A-4EBF-A1D9-31572ECFA012}.Release|x64.ActiveCfg = Release|Any CPU
		{B16F9D24-8E1A-4EBF-A1D9-31572ECFA012}.Release|x64.Build.0 = Release|Any CPU
		{B16F9D24-8E1A-4EBF-A1D9-31572ECFA012}.Release|x86.ActiveCfg = Release|Any CPU
		{B16F9D24-8E1A-4EBF-A1D9-31572ECFA012}.Release|x86.Build.0 = Release|Any CPU
		{072CCCEA-286D-4157-B508-06B75D65C6BF}.Debug|Any CPU.ActiveCfg = Debug|Any CPU
		{072CCCEA-286D-4157-B508-06B75D65C6BF}.Debug|Any CPU.Build.0 = Debug|Any CPU
		{072CCCEA-286D-4157-B508-06B75D65C6BF}.Debug|x64.ActiveCfg = Debug|Any CPU
		{072CCCEA-286D-4157-B508-06B75D65C6BF}.Debug|x64.Build.0 = Debug|Any CPU
		{072CCCEA-286D-4157-B508-06B75D65C6BF}.Debug|x86.ActiveCfg = Debug|Any CPU
		{072CCCEA-286D-4157-B508-06B75D65C6BF}.Debug|x86.Build.0 = Debug|Any CPU
		{072CCCEA-286D-4157-B508-06B75D65C6BF}.Release|Any CPU.ActiveCfg = Release|Any CPU
		{072CCCEA-286D-4157-B508-06B75D65C6BF}.Release|Any CPU.Build.0 = Release|Any CPU
		{072CCCEA-286D-4157-B508-06B75D65C6BF}.Release|x64.ActiveCfg = Release|Any CPU
		{072CCCEA-286D-4157-B508-06B75D65C6BF}.Release|x64.Build.0 = Release|Any CPU
		{072CCCEA-286D-4157-B508-06B75D65C6BF}.Release|x86.ActiveCfg = Release|Any CPU
		{072CCCEA-286D-4157-B508-06B75D65C6BF}.Release|x86.Build.0 = Release|Any CPU
		{41248C84-0169-4150-BD3F-BC97FA5E8A00}.Debug|Any CPU.ActiveCfg = Debug|Any CPU
		{41248C84-0169-4150-BD3F-BC97FA5E8A00}.Debug|Any CPU.Build.0 = Debug|Any CPU
		{41248C84-0169-4150-BD3F-BC97FA5E8A00}.Debug|x64.ActiveCfg = Debug|Any CPU
		{41248C84-0169-4150-BD3F-BC97FA5E8A00}.Debug|x64.Build.0 = Debug|Any CPU
		{41248C84-0169-4150-BD3F-BC97FA5E8A00}.Debug|x86.ActiveCfg = Debug|Any CPU
		{41248C84-0169-4150-BD3F-BC97FA5E8A00}.Debug|x86.Build.0 = Debug|Any CPU
		{41248C84-0169-4150-BD3F-BC97FA5E8A00}.Release|Any CPU.ActiveCfg = Release|Any CPU
		{41248C84-0169-4150-BD3F-BC97FA5E8A00}.Release|Any CPU.Build.0 = Release|Any CPU
		{41248C84-0169-4150-BD3F-BC97FA5E8A00}.Release|x64.ActiveCfg = Release|Any CPU
		{41248C84-0169-4150-BD3F-BC97FA5E8A00}.Release|x64.Build.0 = Release|Any CPU
		{41248C84-0169-4150-BD3F-BC97FA5E8A00}.Release|x86.ActiveCfg = Release|Any CPU
		{41248C84-0169-4150-BD3F-BC97FA5E8A00}.Release|x86.Build.0 = Release|Any CPU
		{B9965B07-326B-4CC4-8512-0BEC6F05DA17}.Debug|Any CPU.ActiveCfg = Debug|Any CPU
		{B9965B07-326B-4CC4-8512-0BEC6F05DA17}.Debug|Any CPU.Build.0 = Debug|Any CPU
		{B9965B07-326B-4CC4-8512-0BEC6F05DA17}.Debug|x64.ActiveCfg = Debug|Any CPU
		{B9965B07-326B-4CC4-8512-0BEC6F05DA17}.Debug|x64.Build.0 = Debug|Any CPU
		{B9965B07-326B-4CC4-8512-0BEC6F05DA17}.Debug|x86.ActiveCfg = Debug|Any CPU
		{B9965B07-326B-4CC4-8512-0BEC6F05DA17}.Debug|x86.Build.0 = Debug|Any CPU
		{B9965B07-326B-4CC4-8512-0BEC6F05DA17}.Release|Any CPU.ActiveCfg = Release|Any CPU
		{B9965B07-326B-4CC4-8512-0BEC6F05DA17}.Release|Any CPU.Build.0 = Release|Any CPU
		{B9965B07-326B-4CC4-8512-0BEC6F05DA17}.Release|x64.ActiveCfg = Release|Any CPU
		{B9965B07-326B-4CC4-8512-0BEC6F05DA17}.Release|x64.Build.0 = Release|Any CPU
		{B9965B07-326B-4CC4-8512-0BEC6F05DA17}.Release|x86.ActiveCfg = Release|Any CPU
		{B9965B07-326B-4CC4-8512-0BEC6F05DA17}.Release|x86.Build.0 = Release|Any CPU
	EndGlobalSection
	GlobalSection(SolutionProperties) = preSolution
		HideSolutionNode = FALSE
	EndGlobalSection
	GlobalSection(ExtensibilityGlobals) = postSolution
		SolutionGuid = {F31B7F10-52B7-482E-B970-70DBF74A79E3}
	EndGlobalSection
EndGlobal
