
Microsoft Visual Studio Solution File, Format Version 12.00
# Visual Studio Version 16
VisualStudioVersion = 16.0.28711.60
MinimumVisualStudioVersion = 10.0.40219.1
Project("{FAE04EC0-301F-11D3-BF4B-00C04F79EFBC}") = "GraphQlServer", "GraphQlServer\GraphQlServer.csproj", "{D9A5E89C-4B26-4AC3-8941-FEA5D516598B}"
EndProject
Project("{FAE04EC0-301F-11D3-BF4B-00C04F79EFBC}") = "Schema", "Schema\Schema.csproj", "{902659CB-E2AF-4264-B450-52DF14807C0B}"
EndProject
Global
	GlobalSection(SolutionConfigurationPlatforms) = preSolution
		Debug|Any CPU = Debug|Any CPU
		Release|Any CPU = Release|Any CPU
	EndGlobalSection
	GlobalSection(ProjectConfigurationPlatforms) = postSolution
		{D9A5E89C-4B26-4AC3-8941-FEA5D516598B}.Debug|Any CPU.ActiveCfg = Debug|Any CPU
		{D9A5E89C-4B26-4AC3-8941-FEA5D516598B}.Debug|Any CPU.Build.0 = Debug|Any CPU
		{D9A5E89C-4B26-4AC3-8941-FEA5D516598B}.Release|Any CPU.ActiveCfg = Release|Any CPU
		{D9A5E89C-4B26-4AC3-8941-FEA5D516598B}.Release|Any CPU.Build.0 = Release|Any CPU
		{902659CB-E2AF-4264-B450-52DF14807C0B}.Debug|Any CPU.ActiveCfg = Debug|Any CPU
		{902659CB-E2AF-4264-B450-52DF14807C0B}.Debug|Any CPU.Build.0 = Debug|Any CPU
		{902659CB-E2AF-4264-B450-52DF14807C0B}.Release|Any CPU.ActiveCfg = Release|Any CPU
		{902659CB-E2AF-4264-B450-52DF14807C0B}.Release|Any CPU.Build.0 = Release|Any CPU
	EndGlobalSection
	GlobalSection(SolutionProperties) = preSolution
		HideSolutionNode = FALSE
	EndGlobalSection
	GlobalSection(ExtensibilityGlobals) = postSolution
		SolutionGuid = {6E9D5C89-7F73-474B-81A2-80B64F3014B7}
	EndGlobalSection
EndGlobal
