
Microsoft Visual Studio Solution File, Format Version 12.00
# Visual Studio 15
VisualStudioVersion = 15.0.28307.572
MinimumVisualStudioVersion = 10.0.40219.1
Project("{9A19103F-16F7-4668-BE54-9A1E7A4F7556}") = "GraphQlServer", "GraphQlServer\GraphQlServer.csproj", "{D9A5E89C-4B26-4AC3-8941-FEA5D516598B}"
EndProject
Project("{9A19103F-16F7-4668-BE54-9A1E7A4F7556}") = "ItGraphQlSchema", "ItGraphQlSchema\ItGraphQlSchema.csproj", "{902659CB-E2AF-4264-B450-52DF14807C0B}"
EndProject
Project("{FAE04EC0-301F-11D3-BF4B-00C04F79EFBC}") = "AuthenticationMiddleware", "AuthenticationMiddleware\AuthenticationMiddleware.csproj", "{0AB1AEF1-F5FB-4F34-8556-C8647523B2EF}"
EndProject
Project("{FAE04EC0-301F-11D3-BF4B-00C04F79EFBC}") = "Web.DigitalSignature", "Web.DigitalSignature\Web.DigitalSignature.csproj", "{63F9986D-0B13-47D0-BB51-47F44FAB6400}"
EndProject
Global
	GlobalSection(SolutionConfigurationPlatforms) = preSolution
		Debug|Any CPU = Debug|Any CPU
		Release|Any CPU = Release|Any CPU
	EndGlobalSection
	GlobalSection(ProjectConfigurationPlatforms) = postSolution
		{D9A5E89C-4B26-4AC3-8941-FEA5D516598B}.Debug|Any CPU.ActiveCfg = Debug|Any CPU
		{D9A5E89C-4B26-4AC3-8941-FEA5D516598B}.Debug|Any CPU.Build.0 = Debug|Any CPU
		{D9A5E89C-4B26-4AC3-8941-FEA5D516598B}.Release|Any CPU.ActiveCfg = Release|Any CPU
		{D9A5E89C-4B26-4AC3-8941-FEA5D516598B}.Release|Any CPU.Build.0 = Release|Any CPU
		{902659CB-E2AF-4264-B450-52DF14807C0B}.Debug|Any CPU.ActiveCfg = Debug|Any CPU
		{902659CB-E2AF-4264-B450-52DF14807C0B}.Debug|Any CPU.Build.0 = Debug|Any CPU
		{902659CB-E2AF-4264-B450-52DF14807C0B}.Release|Any CPU.ActiveCfg = Release|Any CPU
		{902659CB-E2AF-4264-B450-52DF14807C0B}.Release|Any CPU.Build.0 = Release|Any CPU
		{0AB1AEF1-F5FB-4F34-8556-C8647523B2EF}.Debug|Any CPU.ActiveCfg = Debug|Any CPU
		{0AB1AEF1-F5FB-4F34-8556-C8647523B2EF}.Debug|Any CPU.Build.0 = Debug|Any CPU
		{0AB1AEF1-F5FB-4F34-8556-C8647523B2EF}.Release|Any CPU.ActiveCfg = Release|Any CPU
		{0AB1AEF1-F5FB-4F34-8556-C8647523B2EF}.Release|Any CPU.Build.0 = Release|Any CPU
		{63F9986D-0B13-47D0-BB51-47F44FAB6400}.Debug|Any CPU.ActiveCfg = Debug|Any CPU
		{63F9986D-0B13-47D0-BB51-47F44FAB6400}.Debug|Any CPU.Build.0 = Debug|Any CPU
		{63F9986D-0B13-47D0-BB51-47F44FAB6400}.Release|Any CPU.ActiveCfg = Release|Any CPU
		{63F9986D-0B13-47D0-BB51-47F44FAB6400}.Release|Any CPU.Build.0 = Release|Any CPU
	EndGlobalSection
	GlobalSection(SolutionProperties) = preSolution
		HideSolutionNode = FALSE
	EndGlobalSection
	GlobalSection(ExtensibilityGlobals) = postSolution
		SolutionGuid = {6E9D5C89-7F73-474B-81A2-80B64F3014B7}
	EndGlobalSection
EndGlobal
